{
  "object": {
    "pins": [
      {
        "package": "Starscream",
        "repositoryURL": "https://github.com/emersonsoftware/Starscream",
        "state": {
          "branch": "master",
          "revision": "098f4fba787f43b27cb0db77464c52443cf7d3df",
          "version": null
        }
      }
    ]
  },
  "version": 1
}
